
Microsoft Visual Studio Solution File, Format Version 12.00
Project("{F2A71F9B-5D33-465A-A702-920D77279786}") = "Fip-8", "Fip-8\Fip-8.fsproj", "{2D3AF84E-1B10-40F9-BD43-57CA9EA82F6C}"
EndProject
Global
	GlobalSection(SolutionConfigurationPlatforms) = preSolution
		Debug|Any CPU = Debug|Any CPU
		Release|Any CPU = Release|Any CPU
	EndGlobalSection
	GlobalSection(ProjectConfigurationPlatforms) = postSolution
		{2D3AF84E-1B10-40F9-BD43-57CA9EA82F6C}.Debug|Any CPU.ActiveCfg = Debug|Any CPU
		{2D3AF84E-1B10-40F9-BD43-57CA9EA82F6C}.Debug|Any CPU.Build.0 = Debug|Any CPU
		{2D3AF84E-1B10-40F9-BD43-57CA9EA82F6C}.Release|Any CPU.ActiveCfg = Release|Any CPU
		{2D3AF84E-1B10-40F9-BD43-57CA9EA82F6C}.Release|Any CPU.Build.0 = Release|Any CPU
	EndGlobalSection
EndGlobal
